
Microsoft Visual Studio Solution File, Format Version 11.00
# Visual Studio 2010
Project("{FAE04EC0-301F-11D3-BF4B-00C04F79EFBC}") = "Assembly-CSharp", "Assembly-CSharp.csproj", "{abee1670-0103-f4a7-f836-763d3aeebfc9}"
EndProject
Project("{FAE04EC0-301F-11D3-BF4B-00C04F79EFBC}") = "Assembly-CSharp-Editor", "Assembly-CSharp-Editor.csproj", "{eddad6fc-04ba-34b2-6a0c-57ba184a6625}"
EndProject
Global
	GlobalSection(SolutionConfigurationPlatforms) = preSolution
		Debug|Any CPU = Debug|Any CPU
	EndGlobalSection
	GlobalSection(ProjectConfigurationPlatforms) = postSolution
		{abee1670-0103-f4a7-f836-763d3aeebfc9}.Debug|Any CPU.ActiveCfg = Debug|Any CPU
		{abee1670-0103-f4a7-f836-763d3aeebfc9}.Debug|Any CPU.Build.0 = Debug|Any CPU
		{eddad6fc-04ba-34b2-6a0c-57ba184a6625}.Debug|Any CPU.ActiveCfg = Debug|Any CPU
		{eddad6fc-04ba-34b2-6a0c-57ba184a6625}.Debug|Any CPU.Build.0 = Debug|Any CPU
	EndGlobalSection
	GlobalSection(SolutionProperties) = preSolution
		HideSolutionNode = FALSE
	EndGlobalSection
EndGlobal
